
Microsoft Visual Studio Solution File, Format Version 12.00
Project("{FAE04EC0-301F-11D3-BF4B-00C04F79EFBC}") = "Devon4Net.Application.WebAPI", "JTQNet\Templates\WebAPI\Devon4Net.Application.WebAPI\Devon4Net.Application.WebAPI.csproj", "{9192994C-761D-4D1C-9F67-07E2C81FB877}"
EndProject
Project("{FAE04EC0-301F-11D3-BF4B-00C04F79EFBC}") = "Devon4Net.Application.WebAPI.Implementation", "JTQNet\Templates\WebAPI\Devon4Net.Application.WebAPI.Implementation\Devon4Net.Application.WebAPI.Implementation.csproj", "{0DE401A7-6CDB-4C44-8F55-D3CD22E627CD}"
EndProject
Global
	GlobalSection(SolutionConfigurationPlatforms) = preSolution
		Debug|Any CPU = Debug|Any CPU
		Release|Any CPU = Release|Any CPU
	EndGlobalSection
	GlobalSection(ProjectConfigurationPlatforms) = postSolution
		{9192994C-761D-4D1C-9F67-07E2C81FB877}.Debug|Any CPU.ActiveCfg = Debug|Any CPU
		{9192994C-761D-4D1C-9F67-07E2C81FB877}.Debug|Any CPU.Build.0 = Debug|Any CPU
		{9192994C-761D-4D1C-9F67-07E2C81FB877}.Release|Any CPU.ActiveCfg = Release|Any CPU
		{9192994C-761D-4D1C-9F67-07E2C81FB877}.Release|Any CPU.Build.0 = Release|Any CPU
		{0DE401A7-6CDB-4C44-8F55-D3CD22E627CD}.Debug|Any CPU.ActiveCfg = Debug|Any CPU
		{0DE401A7-6CDB-4C44-8F55-D3CD22E627CD}.Debug|Any CPU.Build.0 = Debug|Any CPU
		{0DE401A7-6CDB-4C44-8F55-D3CD22E627CD}.Release|Any CPU.ActiveCfg = Release|Any CPU
		{0DE401A7-6CDB-4C44-8F55-D3CD22E627CD}.Release|Any CPU.Build.0 = Release|Any CPU
	EndGlobalSection
EndGlobal
